// !$*UTF8*$!
{
	archiveVersion = 1;
	classes = {
	};
	objectVersion = 77;
	objects = {

/* Begin PBXBuildFile section */
		60FC5B1D306770CC00043953 /* CircleButtonAnimationView.swift in Sources */ = {isa = PBXBuildFile; fileRef = 60FC5B08306770CC00043953 /* CircleButtonAnimationView.swift */; };
		60FC5B1E306770CC00043953 /* CircleButtonView.swift in Sources */ = {isa = PBXBuildFile; fileRef = 60FC5B09306770CC00043953 /* CircleButtonView.swift */; };
		60FC5B1F306770CC00043953 /* HomeViewModel.swift in Sources */ = {isa = PBXBuildFile; fileRef = 60FC5B0C306770CC00043953 /* HomeViewModel.swift */; };
		60FC5B20306770CC00043953 /* CoinRowView.swift in Sources */ = {isa = PBXBuildFile; fileRef = 60FC5B0E306770CC00043953 /* CoinRowView.swift */; };
		60FC5B21306770CC00043953 /* HomeView.swift in Sources */ = {isa = PBXBuildFile; fileRef = 60FC5B0F306770CC00043953 /* HomeView.swift */; };
		60FC5B22306770CC00043953 /* Color.swift in Sources */ = {isa = PBXBuildFile; fileRef = 60FC5B13306770CC00043953 /* Color.swift */; };
		60FC5B23306770CC00043953 /* Double.swift in Sources */ = {isa = PBXBuildFile; fileRef = 60FC5B14306770CC00043953 /* Double.swift */; };
		60FC5B24306770CC00043953 /* PreviewProvider.swift in Sources */ = {isa = PBXBuildFile; fileRef = 60FC5B15306770CC00043953 /* PreviewProvider.swift */; };
		60FC5B25306770CC00043953 /* CoinModel.swift in Sources */ = {isa = PBXBuildFile; fileRef = 60FC5B17306770CC00043953 /* CoinModel.swift */; };
		60FC5B26306770CC00043953 /* ContentView.swift in Sources */ = {isa = PBXBuildFile; fileRef = 60FC5B1A306770CC00043953 /* ContentView.swift */; };
		60FC5B27306770CC00043953 /* SwiftfulCryptoApp.swift in Sources */ = {isa = PBXBuildFile; fileRef = 60FC5B1B306770CC00043953 /* SwiftfulCryptoApp.swift */; };
		60FC5B28306770CC00043953 /* Assets.xcassets in Resources */ = {isa = PBXBuildFile; fileRef = 60FC5B19306770CC00043953 /* Assets.xcassets */; };
		60FC5B2B3067711B00043953 /* CoinDataService.swift in Sources */ = {isa = PBXBuildFile; fileRef = 60FC5B2A3067711B00043953 /* CoinDataService.swift */; };
		60FC5B2F3067792100043953 /* NetworkingManager.swift in Sources */ = {isa = PBXBuildFile; fileRef = 60FC5B2E3067792100043953 /* NetworkingManager.swift */; };
		60FC5B313067855D00043953 /* CoinImageView.swift in Sources */ = {isa = PBXBuildFile; fileRef = 60FC5B303067855D00043953 /* CoinImageView.swift */; };
		60FC5B33306787B100043953 /* CoinImageService.swift in Sources */ = {isa = PBXBuildFile; fileRef = 60FC5B32306787A700043953 /* CoinImageService.swift */; };
		60FC5B35306788B800043953 /* CoinImageViewModel.swift in Sources */ = {isa = PBXBuildFile; fileRef = 60FC5B34306788B800043953 /* CoinImageViewModel.swift */; };
		60FC5B373067953200043953 /* LocalFileManager.swift in Sources */ = {isa = PBXBuildFile; fileRef = 60FC5B363067953200043953 /* LocalFileManager.swift */; };
/* End PBXBuildFile section */

/* Begin PBXFileReference section */
		6084D92C306630340082335C /* SwiftfulCrypto.app */ = {isa = PBXFileReference; explicitFileType = wrapper.application; includeInIndex = 0; path = SwiftfulCrypto.app; sourceTree = BUILT_PRODUCTS_DIR; };
		60FC5B08306770CC00043953 /* CircleButtonAnimationView.swift */ = {isa = PBXFileReference; lastKnownFileType = sourcecode.swift; path = CircleButtonAnimationView.swift; sourceTree = "<group>"; };
		60FC5B09306770CC00043953 /* CircleButtonView.swift */ = {isa = PBXFileReference; lastKnownFileType = sourcecode.swift; path = CircleButtonView.swift; sourceTree = "<group>"; };
		60FC5B0C306770CC00043953 /* HomeViewModel.swift */ = {isa = PBXFileReference; lastKnownFileType = sourcecode.swift; path = HomeViewModel.swift; sourceTree = "<group>"; };
		60FC5B0E306770CC00043953 /* CoinRowView.swift */ = {isa = PBXFileReference; lastKnownFileType = sourcecode.swift; path = CoinRowView.swift; sourceTree = "<group>"; };
		60FC5B0F306770CC00043953 /* HomeView.swift */ = {isa = PBXFileReference; lastKnownFileType = sourcecode.swift; path = HomeView.swift; sourceTree = "<group>"; };
		60FC5B13306770CC00043953 /* Color.swift */ = {isa = PBXFileReference; lastKnownFileType = sourcecode.swift; path = Color.swift; sourceTree = "<group>"; };
		60FC5B14306770CC00043953 /* Double.swift */ = {isa = PBXFileReference; lastKnownFileType = sourcecode.swift; path = Double.swift; sourceTree = "<group>"; };
		60FC5B15306770CC00043953 /* PreviewProvider.swift */ = {isa = PBXFileReference; lastKnownFileType = sourcecode.swift; path = PreviewProvider.swift; sourceTree = "<group>"; };
		60FC5B17306770CC00043953 /* CoinModel.swift */ = {isa = PBXFileReference; lastKnownFileType = sourcecode.swift; path = CoinModel.swift; sourceTree = "<group>"; };
		60FC5B19306770CC00043953 /* Assets.xcassets */ = {isa = PBXFileReference; lastKnownFileType = folder.assetcatalog; path = Assets.xcassets; sourceTree = "<group>"; };
		60FC5B1A306770CC00043953 /* ContentView.swift */ = {isa = PBXFileReference; lastKnownFileType = sourcecode.swift; path = ContentView.swift; sourceTree = "<group>"; };
		60FC5B1B306770CC00043953 /* SwiftfulCryptoApp.swift */ = {isa = PBXFileReference; lastKnownFileType = sourcecode.swift; path = SwiftfulCryptoApp.swift; sourceTree = "<group>"; };
		60FC5B2A3067711B00043953 /* CoinDataService.swift */ = {isa = PBXFileReference; lastKnownFileType = sourcecode.swift; path = CoinDataService.swift; sourceTree = "<group>"; };
		60FC5B2E3067792100043953 /* NetworkingManager.swift */ = {isa = PBXFileReference; lastKnownFileType = sourcecode.swift; path = NetworkingManager.swift; sourceTree = "<group>"; };
		60FC5B303067855D00043953 /* CoinImageView.swift */ = {isa = PBXFileReference; lastKnownFileType = sourcecode.swift; path = CoinImageView.swift; sourceTree = "<group>"; };
		60FC5B32306787A700043953 /* CoinImageService.swift */ = {isa = PBXFileReference; lastKnownFileType = sourcecode.swift; path = CoinImageService.swift; sourceTree = "<group>"; };
		60FC5B34306788B800043953 /* CoinImageViewModel.swift */ = {isa = PBXFileReference; lastKnownFileType = sourcecode.swift; path = CoinImageViewModel.swift; sourceTree = "<group>"; };
		60FC5B363067953200043953 /* LocalFileManager.swift */ = {isa = PBXFileReference; lastKnownFileType = sourcecode.swift; path = LocalFileManager.swift; sourceTree = "<group>"; };
/* End PBXFileReference section */

/* Begin PBXFrameworksBuildPhase section */
		6084D929306630340082335C /* Frameworks */ = {
			isa = PBXFrameworksBuildPhase;
			buildActionMask = 2147483647;
			files = (
			);
			runOnlyForDeploymentPostprocessing = 0;
		};
/* End PBXFrameworksBuildPhase section */

/* Begin PBXGroup section */
		6084D923306630340082335C = {
			isa = PBXGroup;
			children = (
				60FC5B1C306770CC00043953 /* SwiftfulCrypto */,
				6084D92D306630340082335C /* Products */,
			);
			sourceTree = "<group>";
		};
		6084D92D306630340082335C /* Products */ = {
			isa = PBXGroup;
			children = (
				6084D92C306630340082335C /* SwiftfulCrypto.app */,
			);
			name = Products;
			sourceTree = "<group>";
		};
		60FC5B0A306770CC00043953 /* CircleButton */ = {
			isa = PBXGroup;
			children = (
				60FC5B08306770CC00043953 /* CircleButtonAnimationView.swift */,
				60FC5B09306770CC00043953 /* CircleButtonView.swift */,
			);
			path = CircleButton;
			sourceTree = "<group>";
		};
		60FC5B0B306770CC00043953 /* Components */ = {
			isa = PBXGroup;
			children = (
				60FC5B0A306770CC00043953 /* CircleButton */,
			);
			path = Components;
			sourceTree = "<group>";
		};
		60FC5B0D306770CC00043953 /* ViewModels */ = {
			isa = PBXGroup;
			children = (
				60FC5B0C306770CC00043953 /* HomeViewModel.swift */,
				60FC5B34306788B800043953 /* CoinImageViewModel.swift */,
			);
			path = ViewModels;
			sourceTree = "<group>";
		};
		60FC5B10306770CC00043953 /* Views */ = {
			isa = PBXGroup;
			children = (
				60FC5B0E306770CC00043953 /* CoinRowView.swift */,
				60FC5B0F306770CC00043953 /* HomeView.swift */,
				60FC5B303067855D00043953 /* CoinImageView.swift */,
			);
			path = Views;
			sourceTree = "<group>";
		};
		60FC5B11306770CC00043953 /* Home */ = {
			isa = PBXGroup;
			children = (
				60FC5B0D306770CC00043953 /* ViewModels */,
				60FC5B10306770CC00043953 /* Views */,
			);
			path = Home;
			sourceTree = "<group>";
		};
		60FC5B12306770CC00043953 /* Core */ = {
			isa = PBXGroup;
			children = (
				60FC5B0B306770CC00043953 /* Components */,
				60FC5B11306770CC00043953 /* Home */,
			);
			path = Core;
			sourceTree = "<group>";
		};
		60FC5B16306770CC00043953 /* Extensions */ = {
			isa = PBXGroup;
			children = (
				60FC5B13306770CC00043953 /* Color.swift */,
				60FC5B14306770CC00043953 /* Double.swift */,
				60FC5B15306770CC00043953 /* PreviewProvider.swift */,
			);
			path = Extensions;
			sourceTree = "<group>";
		};
		60FC5B18306770CC00043953 /* Models */ = {
			isa = PBXGroup;
			children = (
				60FC5B17306770CC00043953 /* CoinModel.swift */,
			);
			path = Models;
			sourceTree = "<group>";
		};
		60FC5B1C306770CC00043953 /* SwiftfulCrypto */ = {
			isa = PBXGroup;
			children = (
				60FC5B2D3067791100043953 /* Utils */,
				60FC5B16306770CC00043953 /* Extensions */,
				60FC5B29306770F500043953 /* Services */,
				60FC5B18306770CC00043953 /* Models */,
				60FC5B12306770CC00043953 /* Core */,
				60FC5B19306770CC00043953 /* Assets.xcassets */,
				60FC5B1A306770CC00043953 /* ContentView.swift */,
				60FC5B1B306770CC00043953 /* SwiftfulCryptoApp.swift */,
			);
			path = SwiftfulCrypto;
			sourceTree = "<group>";
		};
		60FC5B29306770F500043953 /* Services */ = {
			isa = PBXGroup;
			children = (
				60FC5B2A3067711B00043953 /* CoinDataService.swift */,
				60FC5B32306787A700043953 /* CoinImageService.swift */,
			);
			path = Services;
			sourceTree = "<group>";
		};
		60FC5B2D3067791100043953 /* Utils */ = {
			isa = PBXGroup;
			children = (
				60FC5B2E3067792100043953 /* NetworkingManager.swift */,
				60FC5B363067953200043953 /* LocalFileManager.swift */,
			);
			path = Utils;
			sourceTree = "<group>";
		};
/* End PBXGroup section */

/* Begin PBXNativeTarget section */
		6084D92B306630340082335C /* SwiftfulCrypto */ = {
			isa = PBXNativeTarget;
			buildConfigurationList = 6084D937306630370082335C /* Build configuration list for PBXNativeTarget "SwiftfulCrypto" */;
			buildPhases = (
				6084D928306630340082335C /* Sources */,
				6084D929306630340082335C /* Frameworks */,
				6084D92A306630340082335C /* Resources */,
			);
			buildRules = (
			);
			dependencies = (
			);
			name = SwiftfulCrypto;
			packageProductDependencies = (
			);
			productName = SwiftfulCrypto;
			productReference = 6084D92C306630340082335C /* SwiftfulCrypto.app */;
			productType = "com.apple.product-type.application";
		};
/* End PBXNativeTarget section */

/* Begin PBXProject section */
		6084D924306630340082335C /* Project object */ = {
			isa = PBXProject;
			attributes = {
				BuildIndependentTargetsInParallel = 1;
				LastSwiftUpdateCheck = 2660;
				LastUpgradeCheck = 2660;
				TargetAttributes = {
					6084D92B306630340082335C = {
						CreatedOnToolsVersion = 26.6;
					};
				};
			};
			buildConfigurationList = 6084D927306630340082335C /* Build configuration list for PBXProject "SwiftfulCrypto" */;
			developmentRegion = en;
			hasScannedForEncodings = 0;
			knownRegions = (
				en,
				Base,
			);
			mainGroup = 6084D923306630340082335C;
			minimizedProjectReferenceProxies = 1;
			preferredProjectObjectVersion = 77;
			productRefGroup = 6084D92D306630340082335C /* Products */;
			projectDirPath = "";
			projectRoot = "";
			targets = (
				6084D92B306630340082335C /* SwiftfulCrypto */,
			);
		};
/* End PBXProject section */

/* Begin PBXResourcesBuildPhase section */
		6084D92A306630340082335C /* Resources */ = {
			isa = PBXResourcesBuildPhase;
			buildActionMask = 2147483647;
			files = (
				60FC5B28306770CC00043953 /* Assets.xcassets in Resources */,
			);
			runOnlyForDeploymentPostprocessing = 0;
		};
/* End PBXResourcesBuildPhase section */

/* Begin PBXSourcesBuildPhase section */
		6084D928306630340082335C /* Sources */ = {
			isa = PBXSourcesBuildPhase;
			buildActionMask = 2147483647;
			files = (
				60FC5B2B3067711B00043953 /* CoinDataService.swift in Sources */,
				60FC5B1D306770CC00043953 /* CircleButtonAnimationView.swift in Sources */,
				60FC5B1E306770CC00043953 /* CircleButtonView.swift in Sources */,
				60FC5B1F306770CC00043953 /* HomeViewModel.swift in Sources */,
				60FC5B373067953200043953 /* LocalFileManager.swift in Sources */,
				60FC5B20306770CC00043953 /* CoinRowView.swift in Sources */,
				60FC5B313067855D00043953 /* CoinImageView.swift in Sources */,
				60FC5B21306770CC00043953 /* HomeView.swift in Sources */,
				60FC5B22306770CC00043953 /* Color.swift in Sources */,
				60FC5B23306770CC00043953 /* Double.swift in Sources */,
				60FC5B2F3067792100043953 /* NetworkingManager.swift in Sources */,
				60FC5B24306770CC00043953 /* PreviewProvider.swift in Sources */,
				60FC5B35306788B800043953 /* CoinImageViewModel.swift in Sources */,
				60FC5B25306770CC00043953 /* CoinModel.swift in Sources */,
				60FC5B26306770CC00043953 /* ContentView.swift in Sources */,
				60FC5B33306787B100043953 /* CoinImageService.swift in Sources */,
				60FC5B27306770CC00043953 /* SwiftfulCryptoApp.swift in Sources */,
			);
			runOnlyForDeploymentPostprocessing = 0;
		};
/* End PBXSourcesBuildPhase section */

/* Begin XCBuildConfiguration section */
		6084D935306630370082335C /* Debug */ = {
			isa = XCBuildConfiguration;
			buildSettings = {
				ALWAYS_SEARCH_USER_PATHS = NO;
				ASSETCATALOG_COMPILER_GENERATE_SWIFT_ASSET_SYMBOL_EXTENSIONS = YES;
				CLANG_ANALYZER_NONNULL = YES;
				CLANG_ANALYZER_NUMBER_OBJECT_CONVERSION = YES_AGGRESSIVE;
				CLANG_CXX_LANGUAGE_STANDARD = "gnu++20";
				CLANG_ENABLE_MODULES = YES;
				CLANG_ENABLE_OBJC_ARC = YES;
				CLANG_ENABLE_OBJC_WEAK = YES;
				CLANG_WARN_BLOCK_CAPTURE_AUTORELEASING = YES;
				CLANG_WARN_BOOL_CONVERSION = YES;
				CLANG_WARN_COMMA = YES;
				CLANG_WARN_CONSTANT_CONVERSION = YES;
				CLANG_WARN_DEPRECATED_OBJC_IMPLEMENTATIONS = YES;
				CLANG_WARN_DIRECT_OBJC_ISA_USAGE = YES_ERROR;
				CLANG_WARN_DOCUMENTATION_COMMENTS = YES;
				CLANG_WARN_EMPTY_BODY = YES;
				CLANG_WARN_ENUM_CONVERSION = YES;
				CLANG_WARN_INFINITE_RECURSION = YES;
				CLANG_WARN_INT_CONVERSION = YES;
				CLANG_WARN_NON_LITERAL_NULL_CONVERSION = YES;
				CLANG_WARN_OBJC_IMPLICIT_RETAIN_SELF = YES;
				CLANG_WARN_OBJC_LITERAL_CONVERSION = YES;
				CLANG_WARN_OBJC_ROOT_CLASS = YES_ERROR;
				CLANG_WARN_QUOTED_INCLUDE_IN_FRAMEWORK_HEADER = YES;
				CLANG_WARN_RANGE_LOOP_ANALYSIS = YES;
				CLANG_WARN_STRICT_PROTOTYPES = YES;
				CLANG_WARN_SUSPICIOUS_MOVE = YES;
				CLANG_WARN_UNGUARDED_AVAILABILITY = YES_AGGRESSIVE;
				CLANG_WARN_UNREACHABLE_CODE = YES;
				CLANG_WARN__DUPLICATE_METHOD_MATCH = YES;
				COPY_PHASE_STRIP = NO;
				DEBUG_INFORMATION_FORMAT = dwarf;
				ENABLE_STRICT_OBJC_MSGSEND = YES;
				ENABLE_TESTABILITY = YES;
				ENABLE_USER_SCRIPT_SANDBOXING = YES;
				GCC_C_LANGUAGE_STANDARD = gnu17;
				GCC_DYNAMIC_NO_PIC = NO;
				GCC_NO_COMMON_BLOCKS = YES;
				GCC_OPTIMIZATION_LEVEL = 0;
				GCC_PREPROCESSOR_DEFINITIONS = (
					"DEBUG=1",
					"$(inherited)",
				);
				GCC_WARN_64_TO_32_BIT_CONVERSION = YES;
				GCC_WARN_ABOUT_RETURN_TYPE = YES_ERROR;
				GCC_WARN_UNDECLARED_SELECTOR = YES;
				GCC_WARN_UNINITIALIZED_AUTOS = YES_AGGRESSIVE;
				GCC_WARN_UNUSED_FUNCTION = YES;
				GCC_WARN_UNUSED_VARIABLE = YES;
				IPHONEOS_DEPLOYMENT_TARGET = 26.5;
				LOCALIZATION_PREFERS_STRING_CATALOGS = YES;
				MTL_ENABLE_DEBUG_INFO = INCLUDE_SOURCE;
				MTL_FAST_MATH = YES;
				ONLY_ACTIVE_ARCH = YES;
				SDKROOT = iphoneos;
				SWIFT_ACTIVE_COMPILATION_CONDITIONS = "DEBUG $(inherited)";
				SWIFT_OPTIMIZATION_LEVEL = "-Onone";
			};
			name = Debug;
		};
		6084D936306630370082335C /* Release */ = {
			isa = XCBuildConfiguration;
			buildSettings = {
				ALWAYS_SEARCH_USER_PATHS = NO;
				ASSETCATALOG_COMPILER_GENERATE_SWIFT_ASSET_SYMBOL_EXTENSIONS = YES;
				CLANG_ANALYZER_NONNULL = YES;
				CLANG_ANALYZER_NUMBER_OBJECT_CONVERSION = YES_AGGRESSIVE;
				CLANG_CXX_LANGUAGE_STANDARD = "gnu++20";
				CLANG_ENABLE_MODULES = YES;
				CLANG_ENABLE_OBJC_ARC = YES;
				CLANG_ENABLE_OBJC_WEAK = YES;
				CLANG_WARN_BLOCK_CAPTURE_AUTORELEASING = YES;
				CLANG_WARN_BOOL_CONVERSION = YES;
				CLANG_WARN_COMMA = YES;
				CLANG_WARN_CONSTANT_CONVERSION = YES;
				CLANG_WARN_DEPRECATED_OBJC_IMPLEMENTATIONS = YES;
				CLANG_WARN_DIRECT_OBJC_ISA_USAGE = YES_ERROR;
				CLANG_WARN_DOCUMENTATION_COMMENTS = YES;
				CLANG_WARN_EMPTY_BODY = YES;
				CLANG_WARN_ENUM_CONVERSION = YES;
				CLANG_WARN_INFINITE_RECURSION = YES;
				CLANG_WARN_INT_CONVERSION = YES;
				CLANG_WARN_NON_LITERAL_NULL_CONVERSION = YES;
				CLANG_WARN_OBJC_IMPLICIT_RETAIN_SELF = YES;
				CLANG_WARN_OBJC_LITERAL_CONVERSION = YES;
				CLANG_WARN_OBJC_ROOT_CLASS = YES_ERROR;
				CLANG_WARN_QUOTED_INCLUDE_IN_FRAMEWORK_HEADER = YES;
				CLANG_WARN_RANGE_LOOP_ANALYSIS = YES;
				CLANG_WARN_STRICT_PROTOTYPES = YES;
				CLANG_WARN_SUSPICIOUS_MOVE = YES;
				CLANG_WARN_UNGUARDED_AVAILABILITY = YES_AGGRESSIVE;
				CLANG_WARN_UNREACHABLE_CODE = YES;
				CLANG_WARN__DUPLICATE_METHOD_MATCH = YES;
				COPY_PHASE_STRIP = NO;
				DEBUG_INFORMATION_FORMAT = "dwarf-with-dsym";
				ENABLE_NS_ASSERTIONS = NO;
				ENABLE_STRICT_OBJC_MSGSEND = YES;
				ENABLE_USER_SCRIPT_SANDBOXING = YES;
				GCC_C_LANGUAGE_STANDARD = gnu17;
				GCC_NO_COMMON_BLOCKS = YES;
				GCC_WARN_64_TO_32_BIT_CONVERSION = YES;
				GCC_WARN_ABOUT_RETURN_TYPE = YES_ERROR;
				GCC_WARN_UNDECLARED_SELECTOR = YES;
				GCC_WARN_UNINITIALIZED_AUTOS = YES_AGGRESSIVE;
				GCC_WARN_UNUSED_FUNCTION = YES;
				GCC_WARN_UNUSED_VARIABLE = YES;
				IPHONEOS_DEPLOYMENT_TARGET = 26.5;
				LOCALIZATION_PREFERS_STRING_CATALOGS = YES;
				MTL_ENABLE_DEBUG_INFO = NO;
				MTL_FAST_MATH = YES;
				SDKROOT = iphoneos;
				SWIFT_COMPILATION_MODE = wholemodule;
				VALIDATE_PRODUCT = YES;
			};
			name = Release;
		};
		6084D938306630370082335C /* Debug */ = {
			isa = XCBuildConfiguration;
			buildSettings = {
				ASSETCATALOG_COMPILER_APPICON_NAME = AppIcon;
				ASSETCATALOG_COMPILER_GLOBAL_ACCENT_COLOR_NAME = AccentColor;
				CODE_SIGN_STYLE = Automatic;
				CURRENT_PROJECT_VERSION = 1;
				ENABLE_PREVIEWS = YES;
				GENERATE_INFOPLIST_FILE = YES;
				INFOPLIST_KEY_CFBundleDisplayName = "Crypto Tracker";
				INFOPLIST_KEY_UIApplicationSceneManifest_Generation = YES;
				INFOPLIST_KEY_UIApplicationSupportsIndirectInputEvents = YES;
				INFOPLIST_KEY_UILaunchScreen_Generation = YES;
				INFOPLIST_KEY_UISupportedInterfaceOrientations = UIInterfaceOrientationPortrait;
				INFOPLIST_KEY_UISupportedInterfaceOrientations_iPad = "UIInterfaceOrientationPortrait UIInterfaceOrientationPortraitUpsideDown";
				LD_RUNPATH_SEARCH_PATHS = (
					"$(inherited)",
					"@executable_path/Frameworks",
				);
				MARKETING_VERSION = 1.0;
				PRODUCT_BUNDLE_IDENTIFIER = com.areekaras.SwiftfulCrypto;
				PRODUCT_NAME = "$(TARGET_NAME)";
				STRING_CATALOG_GENERATE_SYMBOLS = YES;
				SWIFT_APPROACHABLE_CONCURRENCY = YES;
				SWIFT_DEFAULT_ACTOR_ISOLATION = MainActor;
				SWIFT_EMIT_LOC_STRINGS = YES;
				SWIFT_UPCOMING_FEATURE_MEMBER_IMPORT_VISIBILITY = YES;
				SWIFT_VERSION = 5.0;
				TARGETED_DEVICE_FAMILY = "1,2";
			};
			name = Debug;
		};
		6084D939306630370082335C /* Release */ = {
			isa = XCBuildConfiguration;
			buildSettings = {
				ASSETCATALOG_COMPILER_APPICON_NAME = AppIcon;
				ASSETCATALOG_COMPILER_GLOBAL_ACCENT_COLOR_NAME = AccentColor;
				CODE_SIGN_STYLE = Automatic;
				CURRENT_PROJECT_VERSION = 1;
				ENABLE_PREVIEWS = YES;
				GENERATE_INFOPLIST_FILE = YES;
				INFOPLIST_KEY_CFBundleDisplayName = "Crypto Tracker";
				INFOPLIST_KEY_UIApplicationSceneManifest_Generation = YES;
				INFOPLIST_KEY_UIApplicationSupportsIndirectInputEvents = YES;
				INFOPLIST_KEY_UILaunchScreen_Generation = YES;
				INFOPLIST_KEY_UISupportedInterfaceOrientations = UIInterfaceOrientationPortrait;
				INFOPLIST_KEY_UISupportedInterfaceOrientations_iPad = "UIInterfaceOrientationPortrait UIInterfaceOrientationPortraitUpsideDown";
				LD_RUNPATH_SEARCH_PATHS = (
					"$(inherited)",
					"@executable_path/Frameworks",
				);
				MARKETING_VERSION = 1.0;
				PRODUCT_BUNDLE_IDENTIFIER = com.areekaras.SwiftfulCrypto;
				PRODUCT_NAME = "$(TARGET_NAME)";
				STRING_CATALOG_GENERATE_SYMBOLS = YES;
				SWIFT_APPROACHABLE_CONCURRENCY = YES;
				SWIFT_DEFAULT_ACTOR_ISOLATION = MainActor;
				SWIFT_EMIT_LOC_STRINGS = YES;
				SWIFT_UPCOMING_FEATURE_MEMBER_IMPORT_VISIBILITY = YES;
				SWIFT_VERSION = 5.0;
				TARGETED_DEVICE_FAMILY = "1,2";
			};
			name = Release;
		};
/* End XCBuildConfiguration section */

/* Begin XCConfigurationList section */
		6084D927306630340082335C /* Build configuration list for PBXProject "SwiftfulCrypto" */ = {
			isa = XCConfigurationList;
			buildConfigurations = (
				6084D935306630370082335C /* Debug */,
				6084D936306630370082335C /* Release */,
			);
			defaultConfigurationIsVisible = 0;
			defaultConfigurationName = Release;
		};
		6084D937306630370082335C /* Build configuration list for PBXNativeTarget "SwiftfulCrypto" */ = {
			isa = XCConfigurationList;
			buildConfigurations = (
				6084D938306630370082335C /* Debug */,
				6084D939306630370082335C /* Release */,
			);
			defaultConfigurationIsVisible = 0;
			defaultConfigurationName = Release;
		};
/* End XCConfigurationList section */
	};
	rootObject = 6084D924306630340082335C /* Project object */;
}
